
Microsoft Visual Studio Solution File, Format Version 12.00
# Visual Studio Version 17
VisualStudioVersion = 17.4.33110.190
MinimumVisualStudioVersion = 10.0.40219.1
Project("{FAE04EC0-301F-11D3-BF4B-00C04F79EFBC}") = "SuperHeroAPI", "SuperHeroAPI\SuperHeroAPI.csproj", "{8DCCC3DD-27E5-4B8B-811B-7D18C3D85396}"
EndProject
Global
	GlobalSection(SolutionConfigurationPlatforms) = preSolution
		Debug|Any CPU = Debug|Any CPU
		Release|Any CPU = Release|Any CPU
	EndGlobalSection
	GlobalSection(ProjectConfigurationPlatforms) = postSolution
		{8DCCC3DD-27E5-4B8B-811B-7D18C3D85396}.Debug|Any CPU.ActiveCfg = Debug|Any CPU
		{8DCCC3DD-27E5-4B8B-811B-7D18C3D85396}.Debug|Any CPU.Build.0 = Debug|Any CPU
		{8DCCC3DD-27E5-4B8B-811B-7D18C3D85396}.Release|Any CPU.ActiveCfg = Release|Any CPU
		{8DCCC3DD-27E5-4B8B-811B-7D18C3D85396}.Release|Any CPU.Build.0 = Release|Any CPU
	EndGlobalSection
	GlobalSection(SolutionProperties) = preSolution
		HideSolutionNode = FALSE
	EndGlobalSection
	GlobalSection(ExtensibilityGlobals) = postSolution
		SolutionGuid = {120684B3-A4D5-463A-A496-5648940EC246}
	EndGlobalSection
EndGlobal
